
Microsoft Visual Studio Solution File, Format Version 12.00
# Visual Studio Version 17
VisualStudioVersion = 17.10.35122.118
MinimumVisualStudioVersion = 10.0.40219.1
Project("{FAE04EC0-301F-11D3-BF4B-00C04F79EFBC}") = "ASP_Blazor", "ASP_Blazor\ASP_Blazor.csproj", "{7AB974FC-6534-40F4-AFC3-AB521F14B6D6}"
EndProject
Global
	GlobalSection(SolutionConfigurationPlatforms) = preSolution
		Debug|Any CPU = Debug|Any CPU
		Release|Any CPU = Release|Any CPU
	EndGlobalSection
	GlobalSection(ProjectConfigurationPlatforms) = postSolution
		{7AB974FC-6534-40F4-AFC3-AB521F14B6D6}.Debug|Any CPU.ActiveCfg = Debug|Any CPU
		{7AB974FC-6534-40F4-AFC3-AB521F14B6D6}.Debug|Any CPU.Build.0 = Debug|Any CPU
		{7AB974FC-6534-40F4-AFC3-AB521F14B6D6}.Release|Any CPU.ActiveCfg = Release|Any CPU
		{7AB974FC-6534-40F4-AFC3-AB521F14B6D6}.Release|Any CPU.Build.0 = Release|Any CPU
	EndGlobalSection
	GlobalSection(SolutionProperties) = preSolution
		HideSolutionNode = FALSE
	EndGlobalSection
	GlobalSection(ExtensibilityGlobals) = postSolution
		SolutionGuid = {B54E8DEC-941A-43C5-9A6B-1572A916488B}
	EndGlobalSection
EndGlobal
